
Microsoft Visual Studio Solution File, Format Version 12.00
# Visual Studio Version 17
VisualStudioVersion = 17.2.32630.192
MinimumVisualStudioVersion = 10.0.40219.1
Project("{FAE04EC0-301F-11D3-BF4B-00C04F79EFBC}") = "Actibooking", "Actibooking\Actibooking.csproj", "{292DD1A0-5795-4816-B85D-A13173EDD407}"
EndProject
Global
	GlobalSection(SolutionConfigurationPlatforms) = preSolution
		Debug|Any CPU = Debug|Any CPU
		Release|Any CPU = Release|Any CPU
	EndGlobalSection
	GlobalSection(ProjectConfigurationPlatforms) = postSolution
		{292DD1A0-5795-4816-B85D-A13173EDD407}.Debug|Any CPU.ActiveCfg = Debug|Any CPU
		{292DD1A0-5795-4816-B85D-A13173EDD407}.Debug|Any CPU.Build.0 = Debug|Any CPU
		{292DD1A0-5795-4816-B85D-A13173EDD407}.Release|Any CPU.ActiveCfg = Release|Any CPU
		{292DD1A0-5795-4816-B85D-A13173EDD407}.Release|Any CPU.Build.0 = Release|Any CPU
	EndGlobalSection
	GlobalSection(SolutionProperties) = preSolution
		HideSolutionNode = FALSE
	EndGlobalSection
	GlobalSection(ExtensibilityGlobals) = postSolution
		SolutionGuid = {A08BB698-6412-406E-9D24-BBB395C73DDC}
	EndGlobalSection
EndGlobal
